
Microsoft Visual Studio Solution File, Format Version 12.00
# Visual Studio Version 16
VisualStudioVersion = 16.0.29411.108
MinimumVisualStudioVersion = 10.0.40219.1
Project("{FAE04EC0-301F-11D3-BF4B-00C04F79EFBC}") = "gwQuest", "gwQuest\gwQuest.csproj", "{2085D575-5F0B-4823-9187-66F98C920A48}"
EndProject
Project("{FAE04EC0-301F-11D3-BF4B-00C04F79EFBC}") = "dataLoad", "dataLoad\dataLoad.csproj", "{36AA6F14-B1F3-4057-B885-41C8D07D217E}"
EndProject
Global
	GlobalSection(SolutionConfigurationPlatforms) = preSolution
		Debug|Any CPU = Debug|Any CPU
		Release|Any CPU = Release|Any CPU
	EndGlobalSection
	GlobalSection(ProjectConfigurationPlatforms) = postSolution
		{2085D575-5F0B-4823-9187-66F98C920A48}.Debug|Any CPU.ActiveCfg = Debug|Any CPU
		{2085D575-5F0B-4823-9187-66F98C920A48}.Debug|Any CPU.Build.0 = Debug|Any CPU
		{2085D575-5F0B-4823-9187-66F98C920A48}.Release|Any CPU.ActiveCfg = Release|Any CPU
		{2085D575-5F0B-4823-9187-66F98C920A48}.Release|Any CPU.Build.0 = Release|Any CPU
		{36AA6F14-B1F3-4057-B885-41C8D07D217E}.Debug|Any CPU.ActiveCfg = Debug|Any CPU
		{36AA6F14-B1F3-4057-B885-41C8D07D217E}.Debug|Any CPU.Build.0 = Debug|Any CPU
		{36AA6F14-B1F3-4057-B885-41C8D07D217E}.Release|Any CPU.ActiveCfg = Release|Any CPU
		{36AA6F14-B1F3-4057-B885-41C8D07D217E}.Release|Any CPU.Build.0 = Release|Any CPU
	EndGlobalSection
	GlobalSection(SolutionProperties) = preSolution
		HideSolutionNode = FALSE
	EndGlobalSection
	GlobalSection(ExtensibilityGlobals) = postSolution
		SolutionGuid = {706404BD-710C-4211-AACE-E926030A306C}
	EndGlobalSection
EndGlobal
